{
  "name": "memory-recall",
  "version": "1.1.1",
  "lockfileVersion": 3,
  "requires": true,
  "packages": {
    "": {
      "name": "memory-recall",
      "version": "1.1.1",
      "license": "Apache-2.0",
      "workspaces": [
        "native-packages/*",
        "packages/*",
        "providers/native/*",
        "services/*"
      ],
      "bin": {
        "oaf": "apps/cli/oaf.mjs",
        "recall": "apps/cli/oaf.mjs"
      },
      "engines": {
        "node": ">=22"
      },
      "optionalDependencies": {
        "@memory-recall/native-darwin-arm64": "1.1.1",
        "@memory-recall/native-darwin-x64": "1.1.1",
        "@memory-recall/native-linux-arm64-gnu": "1.1.1",
        "@memory-recall/native-linux-x64-gnu": "1.1.1",
        "@memory-recall/native-win32-x64": "1.1.1"
      }
    },
    "native-packages/darwin-arm64": {
      "name": "@memory-recall/native-darwin-arm64",
      "version": "1.1.1",
      "license": "Apache-2.0"
    },
    "native-packages/darwin-x64": {
      "name": "@memory-recall/native-darwin-x64",
      "version": "1.1.1",
      "license": "Apache-2.0"
    },
    "native-packages/linux-arm64-gnu": {
      "name": "@memory-recall/native-linux-arm64-gnu",
      "version": "1.1.1",
      "license": "Apache-2.0"
    },
    "native-packages/linux-x64-gnu": {
      "name": "@memory-recall/native-linux-x64-gnu",
      "version": "1.1.1",
      "license": "Apache-2.0"
    },
    "native-packages/win32-x64": {
      "name": "@memory-recall/native-win32-x64",
      "version": "1.1.1",
      "license": "Apache-2.0"
    },
    "node_modules/@memory-recall/native-darwin-arm64": {
      "resolved": "native-packages/darwin-arm64",
      "link": true
    },
    "node_modules/@memory-recall/native-darwin-x64": {
      "resolved": "native-packages/darwin-x64",
      "link": true
    },
    "node_modules/@memory-recall/native-linux-arm64-gnu": {
      "resolved": "native-packages/linux-arm64-gnu",
      "link": true
    },
    "node_modules/@memory-recall/native-linux-x64-gnu": {
      "resolved": "native-packages/linux-x64-gnu",
      "link": true
    },
    "node_modules/@memory-recall/native-win32-x64": {
      "resolved": "native-packages/win32-x64",
      "link": true
    },
    "node_modules/@memory-recall/recall-map": {
      "resolved": "packages/recall-map",
      "link": true
    },
    "node_modules/@memory-recall/semantic-setup": {
      "resolved": "packages/semantic-setup",
      "link": true
    },
    "node_modules/@open-agent-fabric/adapter-contracts": {
      "resolved": "packages/adapter-contracts",
      "link": true
    },
    "node_modules/@open-agent-fabric/agentpack": {
      "resolved": "packages/agentpack",
      "link": true
    },
    "node_modules/@open-agent-fabric/content-intelligence": {
      "resolved": "packages/content-intelligence",
      "link": true
    },
    "node_modules/@open-agent-fabric/context-compiler": {
      "resolved": "packages/context-compiler",
      "link": true
    },
    "node_modules/@open-agent-fabric/control-api": {
      "resolved": "services/control-api",
      "link": true
    },
    "node_modules/@open-agent-fabric/evaluation-lab": {
      "resolved": "packages/evaluation-lab",
      "link": true
    },
    "node_modules/@open-agent-fabric/evidence": {
      "resolved": "packages/evidence",
      "link": true
    },
    "node_modules/@open-agent-fabric/harness-context": {
      "resolved": "packages/harness-context",
      "link": true
    },
    "node_modules/@open-agent-fabric/identity-local": {
      "resolved": "providers/native/identity-local",
      "link": true
    },
    "node_modules/@open-agent-fabric/memory-core": {
      "resolved": "packages/memory-core",
      "link": true
    },
    "node_modules/@open-agent-fabric/model-gateway": {
      "resolved": "packages/model-gateway",
      "link": true
    },
    "node_modules/@open-agent-fabric/native-artifact-filesystem": {
      "resolved": "providers/native/artifact-filesystem",
      "link": true
    },
    "node_modules/@open-agent-fabric/native-context-candidate-ast-code": {
      "resolved": "providers/native/context-candidate-ast-code",
      "link": true
    },
    "node_modules/@open-agent-fabric/native-context-candidate-exact": {
      "resolved": "providers/native/context-candidate-exact",
      "link": true
    },
    "node_modules/@open-agent-fabric/native-context-candidate-lexical": {
      "resolved": "providers/native/context-candidate-lexical",
      "link": true
    },
    "node_modules/@open-agent-fabric/native-memory-sqlite": {
      "resolved": "providers/native/memory-sqlite",
      "link": true
    },
    "node_modules/@open-agent-fabric/native-model-deterministic": {
      "resolved": "providers/native/model-deterministic",
      "link": true
    },
    "node_modules/@open-agent-fabric/native-model-ollama": {
      "resolved": "providers/native/model-ollama",
      "link": true
    },
    "node_modules/@open-agent-fabric/native-workflow-durable-sqlite": {
      "resolved": "providers/native/workflow-durable-sqlite",
      "link": true
    },
    "node_modules/@open-agent-fabric/native-workflow-embedded": {
      "resolved": "providers/native/workflow-embedded",
      "link": true
    },
    "node_modules/@open-agent-fabric/observability": {
      "resolved": "packages/observability",
      "link": true
    },
    "node_modules/@open-agent-fabric/operations": {
      "resolved": "packages/operations",
      "link": true
    },
    "node_modules/@open-agent-fabric/policy": {
      "resolved": "packages/policy",
      "link": true
    },
    "node_modules/@open-agent-fabric/policy-deterministic": {
      "resolved": "providers/native/policy-deterministic",
      "link": true
    },
    "node_modules/@open-agent-fabric/protocol": {
      "resolved": "packages/protocol",
      "link": true
    },
    "node_modules/@open-agent-fabric/protocol-bridges": {
      "resolved": "packages/protocol-bridges",
      "link": true
    },
    "node_modules/@open-agent-fabric/provider-native-context-manifest-local": {
      "resolved": "providers/native/context-manifest-local",
      "link": true
    },
    "node_modules/@open-agent-fabric/provider-tool-brokered-local": {
      "resolved": "providers/native/tool-brokered-local",
      "link": true
    },
    "node_modules/@open-agent-fabric/release-readiness": {
      "resolved": "packages/release-readiness",
      "link": true
    },
    "node_modules/@open-agent-fabric/replay": {
      "resolved": "packages/replay",
      "link": true
    },
    "node_modules/@open-agent-fabric/source-graph": {
      "resolved": "packages/source-graph",
      "link": true
    },
    "node_modules/@open-agent-fabric/storage": {
      "resolved": "packages/storage",
      "link": true
    },
    "node_modules/@open-agent-fabric/tool-registry": {
      "resolved": "packages/tool-registry",
      "link": true
    },
    "node_modules/@open-agent-fabric/ui": {
      "resolved": "packages/ui",
      "link": true
    },
    "node_modules/@open-agent-fabric/workflow-runtime": {
      "resolved": "packages/workflow-runtime",
      "link": true
    },
    "packages/adapter-contracts": {
      "name": "@open-agent-fabric/adapter-contracts",
      "version": "0.2.0-dev",
      "license": "Apache-2.0"
    },
    "packages/agentpack": {
      "name": "@open-agent-fabric/agentpack",
      "version": "0.2.0-dev",
      "license": "Apache-2.0"
    },
    "packages/content-intelligence": {
      "name": "@open-agent-fabric/content-intelligence",
      "version": "0.2.0-dev",
      "license": "Apache-2.0"
    },
    "packages/context-compiler": {
      "name": "@open-agent-fabric/context-compiler",
      "version": "0.2.0-dev",
      "license": "Apache-2.0"
    },
    "packages/evaluation-lab": {
      "name": "@open-agent-fabric/evaluation-lab",
      "version": "0.2.0-dev",
      "license": "Apache-2.0"
    },
    "packages/evidence": {
      "name": "@open-agent-fabric/evidence",
      "version": "0.2.0-dev",
      "license": "Apache-2.0"
    },
    "packages/harness-context": {
      "name": "@open-agent-fabric/harness-context",
      "version": "0.2.0-dev",
      "license": "Apache-2.0"
    },
    "packages/memory-core": {
      "name": "@open-agent-fabric/memory-core",
      "version": "0.2.0-dev",
      "license": "Apache-2.0"
    },
    "packages/model-gateway": {
      "name": "@open-agent-fabric/model-gateway",
      "version": "0.2.0-dev",
      "license": "Apache-2.0"
    },
    "packages/observability": {
      "name": "@open-agent-fabric/observability",
      "version": "0.2.0-dev",
      "license": "Apache-2.0"
    },
    "packages/operations": {
      "name": "@open-agent-fabric/operations",
      "version": "0.1.0",
      "license": "Apache-2.0"
    },
    "packages/policy": {
      "name": "@open-agent-fabric/policy",
      "version": "0.2.0-dev",
      "license": "Apache-2.0"
    },
    "packages/protocol": {
      "name": "@open-agent-fabric/protocol",
      "version": "0.2.0-dev",
      "license": "Apache-2.0"
    },
    "packages/protocol-bridges": {
      "name": "@open-agent-fabric/protocol-bridges",
      "version": "0.1.0",
      "license": "Apache-2.0"
    },
    "packages/recall-map": {
      "name": "@memory-recall/recall-map",
      "version": "1.0.0",
      "license": "Apache-2.0"
    },
    "packages/release-readiness": {
      "name": "@open-agent-fabric/release-readiness",
      "version": "0.1.0",
      "license": "Apache-2.0"
    },
    "packages/replay": {
      "name": "@open-agent-fabric/replay",
      "version": "0.2.0-dev",
      "license": "Apache-2.0"
    },
    "packages/semantic-setup": {
      "name": "@memory-recall/semantic-setup",
      "version": "1.0.0",
      "license": "Apache-2.0"
    },
    "packages/source-graph": {
      "name": "@open-agent-fabric/source-graph",
      "version": "0.2.0-dev",
      "license": "Apache-2.0"
    },
    "packages/storage": {
      "name": "@open-agent-fabric/storage",
      "version": "0.2.0-dev",
      "license": "Apache-2.0"
    },
    "packages/tool-registry": {
      "name": "@open-agent-fabric/tool-registry",
      "version": "0.2.0-dev",
      "license": "Apache-2.0"
    },
    "packages/ui": {
      "name": "@open-agent-fabric/ui",
      "version": "0.2.0-dev",
      "license": "Apache-2.0"
    },
    "packages/workflow-runtime": {
      "name": "@open-agent-fabric/workflow-runtime",
      "version": "0.2.0-dev",
      "license": "Apache-2.0"
    },
    "providers/native/artifact-filesystem": {
      "name": "@open-agent-fabric/native-artifact-filesystem",
      "version": "0.2.0-dev",
      "license": "Apache-2.0"
    },
    "providers/native/context-candidate-ast-code": {
      "name": "@open-agent-fabric/native-context-candidate-ast-code",
      "version": "0.2.0-dev",
      "license": "Apache-2.0"
    },
    "providers/native/context-candidate-exact": {
      "name": "@open-agent-fabric/native-context-candidate-exact",
      "version": "0.2.0-dev",
      "license": "Apache-2.0"
    },
    "providers/native/context-candidate-lexical": {
      "name": "@open-agent-fabric/native-context-candidate-lexical",
      "version": "0.2.0-dev",
      "license": "Apache-2.0"
    },
    "providers/native/context-manifest-local": {
      "name": "@open-agent-fabric/provider-native-context-manifest-local",
      "version": "0.2.0-dev",
      "license": "Apache-2.0"
    },
    "providers/native/identity-local": {
      "name": "@open-agent-fabric/identity-local",
      "version": "0.1.0",
      "license": "Apache-2.0"
    },
    "providers/native/memory-sqlite": {
      "name": "@open-agent-fabric/native-memory-sqlite",
      "version": "0.2.0-dev",
      "license": "Apache-2.0"
    },
    "providers/native/model-deterministic": {
      "name": "@open-agent-fabric/native-model-deterministic",
      "version": "0.2.0-dev",
      "license": "Apache-2.0"
    },
    "providers/native/model-ollama": {
      "name": "@open-agent-fabric/native-model-ollama",
      "version": "0.2.0-dev",
      "license": "Apache-2.0"
    },
    "providers/native/policy-deterministic": {
      "name": "@open-agent-fabric/policy-deterministic",
      "version": "0.1.0",
      "license": "Apache-2.0"
    },
    "providers/native/tool-brokered-local": {
      "name": "@open-agent-fabric/provider-tool-brokered-local",
      "version": "0.2.0-dev",
      "license": "Apache-2.0"
    },
    "providers/native/workflow-durable-sqlite": {
      "name": "@open-agent-fabric/native-workflow-durable-sqlite",
      "version": "0.2.0-dev",
      "license": "Apache-2.0"
    },
    "providers/native/workflow-embedded": {
      "name": "@open-agent-fabric/native-workflow-embedded",
      "version": "0.2.0-dev",
      "license": "Apache-2.0"
    },
    "services/control-api": {
      "name": "@open-agent-fabric/control-api",
      "version": "0.2.0-dev",
      "license": "Apache-2.0"
    }
  }
}
