{
  "name": "open-agent-fabric",
  "version": "0.2.0-dev",
  "lockfileVersion": 3,
  "requires": true,
  "packages": {
    "": {
      "name": "open-agent-fabric",
      "version": "0.2.0-dev",
      "license": "Apache-2.0",
      "workspaces": [
        "packages/*",
        "providers/native/*",
        "services/*"
      ],
      "bin": {
        "oaf": "apps/cli/oaf.mjs"
      },
      "engines": {
        "node": ">=22"
      }
    },
    "node_modules/@open-agent-fabric/adapter-contracts": {
      "resolved": "packages/adapter-contracts",
      "link": true
    },
    "node_modules/@open-agent-fabric/agentpack": {
      "resolved": "packages/agentpack",
      "link": true
    },
    "node_modules/@open-agent-fabric/content-intelligence": {
      "resolved": "packages/content-intelligence",
      "link": true
    },
    "node_modules/@open-agent-fabric/context-compiler": {
      "resolved": "packages/context-compiler",
      "link": true
    },
    "node_modules/@open-agent-fabric/control-api": {
      "resolved": "services/control-api",
      "link": true
    },
    "node_modules/@open-agent-fabric/evidence": {
      "resolved": "packages/evidence",
      "link": true
    },
    "node_modules/@open-agent-fabric/identity-local": {
      "resolved": "providers/native/identity-local",
      "link": true
    },
    "node_modules/@open-agent-fabric/memory-core": {
      "resolved": "packages/memory-core",
      "link": true
    },
    "node_modules/@open-agent-fabric/model-gateway": {
      "resolved": "packages/model-gateway",
      "link": true
    },
    "node_modules/@open-agent-fabric/native-artifact-filesystem": {
      "resolved": "providers/native/artifact-filesystem",
      "link": true
    },
    "node_modules/@open-agent-fabric/native-context-candidate-exact": {
      "resolved": "providers/native/context-candidate-exact",
      "link": true
    },
    "node_modules/@open-agent-fabric/native-context-candidate-lexical": {
      "resolved": "providers/native/context-candidate-lexical",
      "link": true
    },
    "node_modules/@open-agent-fabric/native-memory-sqlite": {
      "resolved": "providers/native/memory-sqlite",
      "link": true
    },
    "node_modules/@open-agent-fabric/native-model-deterministic": {
      "resolved": "providers/native/model-deterministic",
      "link": true
    },
    "node_modules/@open-agent-fabric/native-model-ollama": {
      "resolved": "providers/native/model-ollama",
      "link": true
    },
    "node_modules/@open-agent-fabric/native-workflow-durable-sqlite": {
      "resolved": "providers/native/workflow-durable-sqlite",
      "link": true
    },
    "node_modules/@open-agent-fabric/native-workflow-embedded": {
      "resolved": "providers/native/workflow-embedded",
      "link": true
    },
    "node_modules/@open-agent-fabric/policy": {
      "resolved": "packages/policy",
      "link": true
    },
    "node_modules/@open-agent-fabric/policy-deterministic": {
      "resolved": "providers/native/policy-deterministic",
      "link": true
    },
    "node_modules/@open-agent-fabric/protocol": {
      "resolved": "packages/protocol",
      "link": true
    },
    "node_modules/@open-agent-fabric/provider-native-context-manifest-local": {
      "resolved": "providers/native/context-manifest-local",
      "link": true
    },
    "node_modules/@open-agent-fabric/replay": {
      "resolved": "packages/replay",
      "link": true
    },
    "node_modules/@open-agent-fabric/storage": {
      "resolved": "packages/storage",
      "link": true
    },
    "node_modules/@open-agent-fabric/tool-registry": {
      "resolved": "packages/tool-registry",
      "link": true
    },
    "node_modules/@open-agent-fabric/ui": {
      "resolved": "packages/ui",
      "link": true
    },
    "node_modules/@open-agent-fabric/workflow-runtime": {
      "resolved": "packages/workflow-runtime",
      "link": true
    },
    "packages/adapter-contracts": {
      "name": "@open-agent-fabric/adapter-contracts",
      "version": "0.2.0-dev",
      "license": "Apache-2.0"
    },
    "packages/agentpack": {
      "name": "@open-agent-fabric/agentpack",
      "version": "0.2.0-dev",
      "license": "Apache-2.0"
    },
    "packages/content-intelligence": {
      "name": "@open-agent-fabric/content-intelligence",
      "version": "0.2.0-dev",
      "license": "Apache-2.0"
    },
    "packages/context-compiler": {
      "name": "@open-agent-fabric/context-compiler",
      "version": "0.2.0-dev",
      "license": "Apache-2.0"
    },
    "packages/evidence": {
      "name": "@open-agent-fabric/evidence",
      "version": "0.2.0-dev",
      "license": "Apache-2.0"
    },
    "packages/memory-core": {
      "name": "@open-agent-fabric/memory-core",
      "version": "0.2.0-dev",
      "license": "Apache-2.0"
    },
    "packages/model-gateway": {
      "name": "@open-agent-fabric/model-gateway",
      "version": "0.2.0-dev",
      "license": "Apache-2.0"
    },
    "packages/policy": {
      "name": "@open-agent-fabric/policy",
      "version": "0.2.0-dev",
      "license": "Apache-2.0"
    },
    "packages/protocol": {
      "name": "@open-agent-fabric/protocol",
      "version": "0.2.0-dev",
      "license": "Apache-2.0"
    },
    "packages/replay": {
      "name": "@open-agent-fabric/replay",
      "version": "0.2.0-dev",
      "license": "Apache-2.0"
    },
    "packages/storage": {
      "name": "@open-agent-fabric/storage",
      "version": "0.2.0-dev",
      "license": "Apache-2.0"
    },
    "packages/tool-registry": {
      "name": "@open-agent-fabric/tool-registry",
      "version": "0.2.0-dev",
      "license": "Apache-2.0"
    },
    "packages/ui": {
      "name": "@open-agent-fabric/ui",
      "version": "0.2.0-dev",
      "license": "Apache-2.0"
    },
    "packages/workflow-runtime": {
      "name": "@open-agent-fabric/workflow-runtime",
      "version": "0.2.0-dev",
      "license": "Apache-2.0"
    },
    "providers/native/artifact-filesystem": {
      "name": "@open-agent-fabric/native-artifact-filesystem",
      "version": "0.2.0-dev",
      "license": "Apache-2.0"
    },
    "providers/native/context-candidate-exact": {
      "name": "@open-agent-fabric/native-context-candidate-exact",
      "version": "0.2.0-dev",
      "license": "Apache-2.0"
    },
    "providers/native/context-candidate-lexical": {
      "name": "@open-agent-fabric/native-context-candidate-lexical",
      "version": "0.2.0-dev",
      "license": "Apache-2.0"
    },
    "providers/native/context-manifest-local": {
      "name": "@open-agent-fabric/provider-native-context-manifest-local",
      "version": "0.2.0-dev"
    },
    "providers/native/identity-local": {
      "name": "@open-agent-fabric/identity-local",
      "version": "0.1.0"
    },
    "providers/native/memory-sqlite": {
      "name": "@open-agent-fabric/native-memory-sqlite",
      "version": "0.2.0-dev",
      "license": "Apache-2.0"
    },
    "providers/native/model-deterministic": {
      "name": "@open-agent-fabric/native-model-deterministic",
      "version": "0.2.0-dev",
      "license": "Apache-2.0"
    },
    "providers/native/model-ollama": {
      "name": "@open-agent-fabric/native-model-ollama",
      "version": "0.2.0-dev",
      "license": "Apache-2.0"
    },
    "providers/native/policy-deterministic": {
      "name": "@open-agent-fabric/policy-deterministic",
      "version": "0.1.0"
    },
    "providers/native/workflow-durable-sqlite": {
      "name": "@open-agent-fabric/native-workflow-durable-sqlite",
      "version": "0.2.0-dev"
    },
    "providers/native/workflow-embedded": {
      "name": "@open-agent-fabric/native-workflow-embedded",
      "version": "0.2.0-dev",
      "license": "Apache-2.0"
    },
    "services/control-api": {
      "name": "@open-agent-fabric/control-api",
      "version": "0.2.0-dev",
      "license": "Apache-2.0"
    }
  }
}
